
Microsoft Visual Studio Solution File, Format Version 12.00
# Visual Studio Version 17
VisualStudioVersion = 17.9.34728.123
MinimumVisualStudioVersion = 10.0.40219.1
Project("{FAE04EC0-301F-11D3-BF4B-00C04F79EFBC}") = "Cover", "Cover\Cover.csproj", "{1CAFEE8F-6A05-4936-BA7E-8C3CA1F46820}"
EndProject
Global
	GlobalSection(SolutionConfigurationPlatforms) = preSolution
		Debug|Any CPU = Debug|Any CPU
		Release|Any CPU = Release|Any CPU
	EndGlobalSection
	GlobalSection(ProjectConfigurationPlatforms) = postSolution
		{1CAFEE8F-6A05-4936-BA7E-8C3CA1F46820}.Debug|Any CPU.ActiveCfg = Debug|Any CPU
		{1CAFEE8F-6A05-4936-BA7E-8C3CA1F46820}.Debug|Any CPU.Build.0 = Debug|Any CPU
		{1CAFEE8F-6A05-4936-BA7E-8C3CA1F46820}.Release|Any CPU.ActiveCfg = Release|Any CPU
		{1CAFEE8F-6A05-4936-BA7E-8C3CA1F46820}.Release|Any CPU.Build.0 = Release|Any CPU
	EndGlobalSection
	GlobalSection(SolutionProperties) = preSolution
		HideSolutionNode = FALSE
	EndGlobalSection
	GlobalSection(ExtensibilityGlobals) = postSolution
		SolutionGuid = {635C562D-A0B8-4A94-95C6-9C54DE69DF44}
	EndGlobalSection
EndGlobal
